{
    "name": "readabilitycheck",
    "version": "1.3.0",
    "lockfileVersion": 1,
    "requires": true,
    "dependencies": {
        "@types/mocha": {
            "version": "7.0.2",
            "resolved": "https://registry.npmjs.org/@types/mocha/-/mocha-7.0.2.tgz",
            "integrity": "sha512-ZvO2tAcjmMi8V/5Z3JsyofMe3hasRcaw88cto5etSVMwVQfeivGAlEYmaQgceUSVYFofVjT+ioHsATjdWcFt1w==",
            "dev": true
        },
        "@types/node": {
            "version": "13.9.1",
            "resolved": "https://registry.npmjs.org/@types/node/-/node-13.9.1.tgz",
            "integrity": "sha512-E6M6N0blf/jiZx8Q3nb0vNaswQeEyn0XlupO+xN6DtJ6r6IT4nXrTry7zhIfYvFCl3/8Cu6WIysmUBKiqV0bqQ==",
            "dev": true
        },
        "@types/vscode": {
            "version": "1.43.0",
            "resolved": "https://registry.npmjs.org/@types/vscode/-/vscode-1.43.0.tgz",
            "integrity": "sha512-kIaR9qzd80rJOxePKpCB/mdy00mz8Apt2QA5Y6rdrKFn13QNFNeP3Hzmsf37Bwh/3cS7QjtAeGSK7wSqAU0sYQ==",
            "dev": true
        },
        "dale-chall": {
            "version": "1.0.2",
            "resolved": "https://registry.npmjs.org/dale-chall/-/dale-chall-1.0.2.tgz",
            "integrity": "sha512-GUM6TwPYaVdfFCVeWSfruhGU56Pk2ybJIaapyvXZ7+2r0NN4+tKbWNGRyRtD6lCfp8R1+FYBd9f2rdpAC5l7bQ=="
        },
        "normalize-strings": {
            "version": "1.1.0",
            "resolved": "https://registry.npmjs.org/normalize-strings/-/normalize-strings-1.1.0.tgz",
            "integrity": "sha1-skp17UgXY5RAT3Rkm1y4BA6JmnU="
        },
        "pluralize": {
            "version": "8.0.0",
            "resolved": "https://registry.npmjs.org/pluralize/-/pluralize-8.0.0.tgz",
            "integrity": "sha512-Nc3IT5yHzflTfbjgqWcCPpo7DaKy4FnpB0l/zCAW0Tc7jxAiuqSxHasntB3D7887LSrA93kDJ9IXovxJYxyLCA=="
        },
        "remove-markdown": {
            "version": "0.3.0",
            "resolved": "https://registry.npmjs.org/remove-markdown/-/remove-markdown-0.3.0.tgz",
            "integrity": "sha1-XktmdJOpNXlyjz1S7MHbnKUF3Jg="
        },
        "spache": {
            "version": "1.1.2",
            "resolved": "https://registry.npmjs.org/spache/-/spache-1.1.2.tgz",
            "integrity": "sha512-4G0PYXgLnmLSUKKM3l46XuyBftodiecF0fyHE9IyqXfIwW10vubK2F7Ao1EwDL9//eTe8hP0zB5DbfzTmwNz2Q=="
        },
        "syllable": {
            "version": "4.0.1",
            "resolved": "https://registry.npmjs.org/syllable/-/syllable-4.0.1.tgz",
            "integrity": "sha512-OBjxXbamHkfJcgdG4MWfCa6vTeOsxyc1MBDkX2o+H4zr8WcHtTrBzPYKXiwtz3k/ItqMNdmgZej4EdGdmEVc6A==",
            "requires": {
                "normalize-strings": "^1.1.0",
                "pluralize": "^8.0.0"
            }
        },
        "typescript": {
            "version": "3.8.3",
            "resolved": "https://registry.npmjs.org/typescript/-/typescript-3.8.3.tgz",
            "integrity": "sha512-MYlEfn5VrLNsgudQTVJeNaQFUAI7DkhnOjdpAp4T+ku1TfQClewlbSuTVHiA+8skNBgaf02TL/kLOvig4y3G8w==",
            "dev": true
        }
    }
}
